
Microsoft Visual Studio Solution File, Format Version 12.00
# Visual Studio 2012
Project("{FAE04EC0-301F-11D3-BF4B-00C04F79EFBC}") = "bitrise_multi_deploy.Droid", "Droid\bitrise_multi_deploy.Droid.csproj", "{57112240-7665-421C-8069-CB85B66AD411}"
EndProject
Project("{FAE04EC0-301F-11D3-BF4B-00C04F79EFBC}") = "bitrise_multi_deploy", "bitrise_multi_deploy\bitrise_multi_deploy.csproj", "{8F474A65-6A41-405E-B1C1-93F6064D6F5C}"
EndProject
Global
	GlobalSection(SolutionConfigurationPlatforms) = preSolution
		Debug|Any CPU = Debug|Any CPU
		Release|Any CPU = Release|Any CPU
	EndGlobalSection
	GlobalSection(ProjectConfigurationPlatforms) = postSolution
		{57112240-7665-421C-8069-CB85B66AD411}.Debug|Any CPU.ActiveCfg = Debug|Any CPU
		{57112240-7665-421C-8069-CB85B66AD411}.Debug|Any CPU.Build.0 = Debug|Any CPU
		{57112240-7665-421C-8069-CB85B66AD411}.Release|Any CPU.ActiveCfg = Release|Any CPU
		{57112240-7665-421C-8069-CB85B66AD411}.Release|Any CPU.Build.0 = Release|Any CPU
		{8F474A65-6A41-405E-B1C1-93F6064D6F5C}.Debug|Any CPU.ActiveCfg = Debug|Any CPU
		{8F474A65-6A41-405E-B1C1-93F6064D6F5C}.Debug|Any CPU.Build.0 = Debug|Any CPU
		{8F474A65-6A41-405E-B1C1-93F6064D6F5C}.Release|Any CPU.ActiveCfg = Release|Any CPU
		{8F474A65-6A41-405E-B1C1-93F6064D6F5C}.Release|Any CPU.Build.0 = Release|Any CPU
	EndGlobalSection
EndGlobal
